
Microsoft Visual Studio Solution File, Format Version 12.00
# Visual Studio Version 16
VisualStudioVersion = 16.0.29306.81
MinimumVisualStudioVersion = 10.0.40219.1
Project("{FAE04EC0-301F-11D3-BF4B-00C04F79EFBC}") = "Pacman", "Pacman\Pacman.csproj", "{9753C681-9B36-4A7D-966A-6F11B9B7A406}"
EndProject
Global
	GlobalSection(SolutionConfigurationPlatforms) = preSolution
		Debug|Any CPU = Debug|Any CPU
		Release|Any CPU = Release|Any CPU
	EndGlobalSection
	GlobalSection(ProjectConfigurationPlatforms) = postSolution
		{9753C681-9B36-4A7D-966A-6F11B9B7A406}.Debug|Any CPU.ActiveCfg = Debug|Any CPU
		{9753C681-9B36-4A7D-966A-6F11B9B7A406}.Debug|Any CPU.Build.0 = Debug|Any CPU
		{9753C681-9B36-4A7D-966A-6F11B9B7A406}.Release|Any CPU.ActiveCfg = Release|Any CPU
		{9753C681-9B36-4A7D-966A-6F11B9B7A406}.Release|Any CPU.Build.0 = Release|Any CPU
	EndGlobalSection
	GlobalSection(SolutionProperties) = preSolution
		HideSolutionNode = FALSE
	EndGlobalSection
	GlobalSection(ExtensibilityGlobals) = postSolution
		SolutionGuid = {9FCCE47F-B5D9-4A2D-9943-98E0C2D00420}
	EndGlobalSection
EndGlobal
